<?xml version="1.0" encoding="utf-8"?>
<Project ToolsVersion="4.0" xmlns="http://schemas.microsoft.com/developer/msbuild/2003">
  <ItemGroup>
    <Filter Include="Source Files">
      <UniqueIdentifier>{4FC737F1-C7A5-4376-A066-2A32D752A2FF}</UniqueIdentifier>
      <Extensions>cpp;c;cc;cxx;c++;cppm;ixx;def;odl;idl;hpj;bat;asm;asmx</Extensions>
    </Filter>
    <Filter Include="Header Files">
      <UniqueIdentifier>{93995380-89BD-4b04-88EB-625FBE52EBFB}</UniqueIdentifier>
      <Extensions>h;hh;hpp;hxx;h++;hm;inl;inc;ipp;xsd</Extensions>
    </Filter>
    <Filter Include="Resource Files">
      <UniqueIdentifier>{67DA6AB6-F800-4c08-8B7A-83BB121AAD01}</UniqueIdentifier>
      <Extensions>rc;ico;cur;bmp;dlg;rc2;rct;bin;rgs;gif;jpg;jpeg;jpe;resx;tiff;tif;png;wav;mfcribbon-ms</Extensions>
    </Filter>
    <Filter Include="Resource Files\UI">
      <UniqueIdentifier>{65aedd45-13ab-490c-aac7-57b2be31cbde}</UniqueIdentifier>
    </Filter>
    <Filter Include="Resource Files\database">
      <UniqueIdentifier>{a7dab559-4f62-45f1-9be4-caf0478de15f}</UniqueIdentifier>
    </Filter>
    <Filter Include="Source Files\UI">
      <UniqueIdentifier>{31cb6b9f-b084-4ac5-a025-6e80cc43d071}</UniqueIdentifier>
    </Filter>
    <Filter Include="Source Files\database">
      <UniqueIdentifier>{ad879edd-92b9-4beb-b930-ce8ddb2876d9}</UniqueIdentifier>
    </Filter>
    <Filter Include="Resource Files\common">
      <UniqueIdentifier>{7203c250-6858-498a-ab2f-88ff411e7558}</UniqueIdentifier>
    </Filter>
    <Filter Include="Source Files\common">
      <UniqueIdentifier>{a5a2c73a-9b42-4be2-b3c1-f15b2d8ba299}</UniqueIdentifier>
    </Filter>
  </ItemGroup>
  <ItemGroup>
    <ClCompile Include="Main.cpp">
      <Filter>Source Files</Filter>
    </ClCompile>
    <ClCompile Include="Button.cpp">
      <Filter>Source Files\UI</Filter>
    </ClCompile>
    <ClCompile Include="Text.cpp">
      <Filter>Source Files\UI</Filter>
    </ClCompile>
    <ClCompile Include="TextInput.cpp">
      <Filter>Source Files\UI</Filter>
    </ClCompile>
    <ClCompile Include="Question.cpp">
      <Filter>Source Files\database</Filter>
    </ClCompile>
    <ClCompile Include="Quiz.cpp">
      <Filter>Source Files\database</Filter>
    </ClCompile>
    <ClCompile Include="MySQL.cpp">
      <Filter>Source Files\database</Filter>
    </ClCompile>
    <ClCompile Include="Event.cpp">
      <Filter>Source Files\common</Filter>
    </ClCompile>
    <ClCompile Include="AcountManager.cpp">
      <Filter>Source Files\database</Filter>
    </ClCompile>
    <ClCompile Include="User.cpp">
      <Filter>Source Files\database</Filter>
    </ClCompile>
    <ClCompile Include="Category.cpp">
      <Filter>Source Files\database</Filter>
    </ClCompile>
  </ItemGroup>
  <ItemGroup>
    <ClInclude Include="BaseHeader.h">
      <Filter>Resource Files</Filter>
    </ClInclude>
    <ClInclude Include="Button.h">
      <Filter>Resource Files\UI</Filter>
    </ClInclude>
    <ClInclude Include="Text.h">
      <Filter>Resource Files\UI</Filter>
    </ClInclude>
    <ClInclude Include="TextInput.h">
      <Filter>Resource Files\UI</Filter>
    </ClInclude>
    <ClInclude Include="UiHeader.h">
      <Filter>Resource Files\UI</Filter>
    </ClInclude>
    <ClInclude Include="MySQL.h">
      <Filter>Resource Files\database</Filter>
    </ClInclude>
    <ClInclude Include="Question.h">
      <Filter>Resource Files\database</Filter>
    </ClInclude>
    <ClInclude Include="Quiz.h">
      <Filter>Resource Files\database</Filter>
    </ClInclude>
    <ClInclude Include="User.h">
      <Filter>Resource Files\database</Filter>
    </ClInclude>
    <ClInclude Include="Event.h">
      <Filter>Resource Files\common</Filter>
    </ClInclude>
    <ClInclude Include="AcountManager.h">
      <Filter>Resource Files\database</Filter>
    </ClInclude>
    <ClInclude Include="Category.h">
      <Filter>Resource Files\database</Filter>
    </ClInclude>
  </ItemGroup>
  <ItemGroup>
    <None Include="SDL2_ttf.dll" />
    <None Include="SDL2.dll" />
    <None Include="SDL2_image.dll" />
    <None Include="libcrypto-3-x64.dll" />
  </ItemGroup>
  <ItemGroup>
    <Font Include="mcFont.ttf" />
  </ItemGroup>
</Project>